// !$*UTF8*$!
{
	archiveVersion = 1;
	classes = {
	};
	objectVersion = 46;
	objects = {

/* Begin PBXBuildFile section */
		088463F61D8BC2AD0099EABB /* AppDelegate.swift in Sources */ = {isa = PBXBuildFile; fileRef = 088463F51D8BC2AD0099EABB /* AppDelegate.swift */; };
		088464001D8BC2AD0099EABB /* LaunchScreen.storyboard in Resources */ = {isa = PBXBuildFile; fileRef = 088463FE1D8BC2AD0099EABB /* LaunchScreen.storyboard */; };
		088464081D8BC59A0099EABB /* Assets.xcassets in Resources */ = {isa = PBXBuildFile; fileRef = 088464071D8BC59A0099EABB /* Assets.xcassets */; };
		08E4E8B51D8BCC85001798C4 /* MainViewController.swift in Sources */ = {isa = PBXBuildFile; fileRef = 08E4E8B41D8BCC85001798C4 /* MainViewController.swift */; };
		08E4E8C01D8BD1EE001798C4 /* Home.storyboard in Resources */ = {isa = PBXBuildFile; fileRef = 08E4E8BE1D8BD1EE001798C4 /* Home.storyboard */; };
		08E4E8C21D8BD1FE001798C4 /* Live.storyboard in Resources */ = {isa = PBXBuildFile; fileRef = 08E4E8C11D8BD1FE001798C4 /* Live.storyboard */; };
		08E4E8C51D8BD215001798C4 /* Fellow.storyboard in Resources */ = {isa = PBXBuildFile; fileRef = 08E4E8C31D8BD215001798C4 /* Fellow.storyboard */; };
		08E4E8C71D8BD228001798C4 /* Profile.storyboard in Resources */ = {isa = PBXBuildFile; fileRef = 08E4E8C61D8BD228001798C4 /* Profile.storyboard */; };
		08E4E8C91D8BD47C001798C4 /* Main.storyboard in Resources */ = {isa = PBXBuildFile; fileRef = 08E4E8C81D8BD47C001798C4 /* Main.storyboard */; };
		08E4E8CC1D8BD7A2001798C4 /* UIBarButtonItem+Extension.swift in Sources */ = {isa = PBXBuildFile; fileRef = 08E4E8CB1D8BD7A2001798C4 /* UIBarButtonItem+Extension.swift */; };
		08E4E8CE1D8BDA20001798C4 /* HomeViewController.swift in Sources */ = {isa = PBXBuildFile; fileRef = 08E4E8CD1D8BDA20001798C4 /* HomeViewController.swift */; };
/* End PBXBuildFile section */

/* Begin PBXFileReference section */
		088463F21D8BC2AD0099EABB /* DYTV.app */ = {isa = PBXFileReference; explicitFileType = wrapper.application; includeInIndex = 0; path = DYTV.app; sourceTree = BUILT_PRODUCTS_DIR; };
		088463F51D8BC2AD0099EABB /* AppDelegate.swift */ = {isa = PBXFileReference; lastKnownFileType = sourcecode.swift; path = AppDelegate.swift; sourceTree = "<group>"; };
		088463FF1D8BC2AD0099EABB /* Base */ = {isa = PBXFileReference; lastKnownFileType = file.storyboard; name = Base; path = Base.lproj/LaunchScreen.storyboard; sourceTree = "<group>"; };
		088464011D8BC2AD0099EABB /* Info.plist */ = {isa = PBXFileReference; lastKnownFileType = text.plist.xml; path = Info.plist; sourceTree = "<group>"; };
		088464071D8BC59A0099EABB /* Assets.xcassets */ = {isa = PBXFileReference; lastKnownFileType = folder.assetcatalog; path = Assets.xcassets; sourceTree = "<group>"; };
		08E4E8B41D8BCC85001798C4 /* MainViewController.swift */ = {isa = PBXFileReference; fileEncoding = 4; lastKnownFileType = sourcecode.swift; path = MainViewController.swift; sourceTree = "<group>"; };
		08E4E8BF1D8BD1EE001798C4 /* Base */ = {isa = PBXFileReference; lastKnownFileType = file.storyboard; name = Base; path = DYTV/Base.lproj/Home.storyboard; sourceTree = SOURCE_ROOT; };
		08E4E8C11D8BD1FE001798C4 /* Live.storyboard */ = {isa = PBXFileReference; fileEncoding = 4; lastKnownFileType = file.storyboard; name = Live.storyboard; path = ../../Main/Controller/Live.storyboard; sourceTree = "<group>"; };
		08E4E8C41D8BD215001798C4 /* Base */ = {isa = PBXFileReference; lastKnownFileType = file.storyboard; name = Base; path = DYTV/Base.lproj/Fellow.storyboard; sourceTree = SOURCE_ROOT; };
		08E4E8C61D8BD228001798C4 /* Profile.storyboard */ = {isa = PBXFileReference; fileEncoding = 4; lastKnownFileType = file.storyboard; name = Profile.storyboard; path = ../../Main/Controller/Profile.storyboard; sourceTree = "<group>"; };
		08E4E8C81D8BD47C001798C4 /* Main.storyboard */ = {isa = PBXFileReference; fileEncoding = 4; lastKnownFileType = file.storyboard; path = Main.storyboard; sourceTree = "<group>"; };
		08E4E8CB1D8BD7A2001798C4 /* UIBarButtonItem+Extension.swift */ = {isa = PBXFileReference; fileEncoding = 4; lastKnownFileType = sourcecode.swift; path = "UIBarButtonItem+Extension.swift"; sourceTree = "<group>"; };
		08E4E8CD1D8BDA20001798C4 /* HomeViewController.swift */ = {isa = PBXFileReference; fileEncoding = 4; lastKnownFileType = sourcecode.swift; path = HomeViewController.swift; sourceTree = "<group>"; };
/* End PBXFileReference section */

/* Begin PBXFrameworksBuildPhase section */
		088463EF1D8BC2AD0099EABB /* Frameworks */ = {
			isa = PBXFrameworksBuildPhase;
			buildActionMask = 2147483647;
			files = (
			);
			runOnlyForDeploymentPostprocessing = 0;
		};
/* End PBXFrameworksBuildPhase section */

/* Begin PBXGroup section */
		088463E91D8BC2AD0099EABB = {
			isa = PBXGroup;
			children = (
				088463F41D8BC2AD0099EABB /* DYTV */,
				088463F31D8BC2AD0099EABB /* Products */,
			);
			sourceTree = "<group>";
		};
		088463F31D8BC2AD0099EABB /* Products */ = {
			isa = PBXGroup;
			children = (
				088463F21D8BC2AD0099EABB /* DYTV.app */,
			);
			name = Products;
			sourceTree = "<group>";
		};
		088463F41D8BC2AD0099EABB /* DYTV */ = {
			isa = PBXGroup;
			children = (
				088464101D8BC8B40099EABB /* Classes */,
				088463F51D8BC2AD0099EABB /* AppDelegate.swift */,
				088464071D8BC59A0099EABB /* Assets.xcassets */,
				088463FE1D8BC2AD0099EABB /* LaunchScreen.storyboard */,
				088464011D8BC2AD0099EABB /* Info.plist */,
			);
			path = DYTV;
			sourceTree = "<group>";
		};
		088464101D8BC8B40099EABB /* Classes */ = {
			isa = PBXGroup;
			children = (
				0884641D1D8BC8B40099EABB /* Main */,
				088464151D8BC8B40099EABB /* Home */,
				088464191D8BC8B40099EABB /* Live */,
				088464111D8BC8B40099EABB /* Fellow */,
				088464211D8BC8B40099EABB /* Profile */,
				088464251D8BC8B40099EABB /* Tools */,
			);
			path = Classes;
			sourceTree = "<group>";
		};
		088464111D8BC8B40099EABB /* Fellow */ = {
			isa = PBXGroup;
			children = (
				088464121D8BC8B40099EABB /* Controller */,
				088464131D8BC8B40099EABB /* Model */,
				088464141D8BC8B40099EABB /* View */,
			);
			path = Fellow;
			sourceTree = "<group>";
		};
		088464121D8BC8B40099EABB /* Controller */ = {
			isa = PBXGroup;
			children = (
				08E4E8C31D8BD215001798C4 /* Fellow.storyboard */,
			);
			path = Controller;
			sourceTree = "<group>";
		};
		088464131D8BC8B40099EABB /* Model */ = {
			isa = PBXGroup;
			children = (
			);
			path = Model;
			sourceTree = "<group>";
		};
		088464141D8BC8B40099EABB /* View */ = {
			isa = PBXGroup;
			children = (
			);
			path = View;
			sourceTree = "<group>";
		};
		088464151D8BC8B40099EABB /* Home */ = {
			isa = PBXGroup;
			children = (
				088464161D8BC8B40099EABB /* Controller */,
				088464171D8BC8B40099EABB /* Model */,
				088464181D8BC8B40099EABB /* View */,
			);
			path = Home;
			sourceTree = "<group>";
		};
		088464161D8BC8B40099EABB /* Controller */ = {
			isa = PBXGroup;
			children = (
				08E4E8BE1D8BD1EE001798C4 /* Home.storyboard */,
				08E4E8CD1D8BDA20001798C4 /* HomeViewController.swift */,
			);
			path = Controller;
			sourceTree = "<group>";
		};
		088464171D8BC8B40099EABB /* Model */ = {
			isa = PBXGroup;
			children = (
			);
			path = Model;
			sourceTree = "<group>";
		};
		088464181D8BC8B40099EABB /* View */ = {
			isa = PBXGroup;
			children = (
			);
			path = View;
			sourceTree = "<group>";
		};
		088464191D8BC8B40099EABB /* Live */ = {
			isa = PBXGroup;
			children = (
				0884641A1D8BC8B40099EABB /* Controller */,
				0884641B1D8BC8B40099EABB /* Model */,
				0884641C1D8BC8B40099EABB /* View */,
			);
			path = Live;
			sourceTree = "<group>";
		};
		0884641A1D8BC8B40099EABB /* Controller */ = {
			isa = PBXGroup;
			children = (
				08E4E8C11D8BD1FE001798C4 /* Live.storyboard */,
			);
			path = Controller;
			sourceTree = "<group>";
		};
		0884641B1D8BC8B40099EABB /* Model */ = {
			isa = PBXGroup;
			children = (
			);
			path = Model;
			sourceTree = "<group>";
		};
		0884641C1D8BC8B40099EABB /* View */ = {
			isa = PBXGroup;
			children = (
			);
			path = View;
			sourceTree = "<group>";
		};
		0884641D1D8BC8B40099EABB /* Main */ = {
			isa = PBXGroup;
			children = (
				0884641E1D8BC8B40099EABB /* Controller */,
				0884641F1D8BC8B40099EABB /* Model */,
				088464201D8BC8B40099EABB /* View */,
			);
			path = Main;
			sourceTree = "<group>";
		};
		0884641E1D8BC8B40099EABB /* Controller */ = {
			isa = PBXGroup;
			children = (
				08E4E8B41D8BCC85001798C4 /* MainViewController.swift */,
				08E4E8C81D8BD47C001798C4 /* Main.storyboard */,
			);
			path = Controller;
			sourceTree = "<group>";
		};
		0884641F1D8BC8B40099EABB /* Model */ = {
			isa = PBXGroup;
			children = (
			);
			path = Model;
			sourceTree = "<group>";
		};
		088464201D8BC8B40099EABB /* View */ = {
			isa = PBXGroup;
			children = (
			);
			path = View;
			sourceTree = "<group>";
		};
		088464211D8BC8B40099EABB /* Profile */ = {
			isa = PBXGroup;
			children = (
				088464221D8BC8B40099EABB /* Controller */,
				088464231D8BC8B40099EABB /* Model */,
				088464241D8BC8B40099EABB /* View */,
			);
			path = Profile;
			sourceTree = "<group>";
		};
		088464221D8BC8B40099EABB /* Controller */ = {
			isa = PBXGroup;
			children = (
				08E4E8C61D8BD228001798C4 /* Profile.storyboard */,
			);
			path = Controller;
			sourceTree = "<group>";
		};
		088464231D8BC8B40099EABB /* Model */ = {
			isa = PBXGroup;
			children = (
			);
			path = Model;
			sourceTree = "<group>";
		};
		088464241D8BC8B40099EABB /* View */ = {
			isa = PBXGroup;
			children = (
			);
			path = View;
			sourceTree = "<group>";
		};
		088464251D8BC8B40099EABB /* Tools */ = {
			isa = PBXGroup;
			children = (
				08E4E8CA1D8BD789001798C4 /* Extensions */,
			);
			path = Tools;
			sourceTree = "<group>";
		};
		08E4E8CA1D8BD789001798C4 /* Extensions */ = {
			isa = PBXGroup;
			children = (
				08E4E8CB1D8BD7A2001798C4 /* UIBarButtonItem+Extension.swift */,
			);
			path = Extensions;
			sourceTree = "<group>";
		};
/* End PBXGroup section */

/* Begin PBXNativeTarget section */
		088463F11D8BC2AD0099EABB /* DYTV */ = {
			isa = PBXNativeTarget;
			buildConfigurationList = 088464041D8BC2AD0099EABB /* Build configuration list for PBXNativeTarget "DYTV" */;
			buildPhases = (
				088463EE1D8BC2AD0099EABB /* Sources */,
				088463EF1D8BC2AD0099EABB /* Frameworks */,
				088463F01D8BC2AD0099EABB /* Resources */,
			);
			buildRules = (
			);
			dependencies = (
			);
			name = DYTV;
			productName = DYTV;
			productReference = 088463F21D8BC2AD0099EABB /* DYTV.app */;
			productType = "com.apple.product-type.application";
		};
/* End PBXNativeTarget section */

/* Begin PBXProject section */
		088463EA1D8BC2AD0099EABB /* Project object */ = {
			isa = PBXProject;
			attributes = {
				LastSwiftUpdateCheck = 0730;
				LastUpgradeCheck = 0730;
				ORGANIZATIONNAME = coderLL;
				TargetAttributes = {
					088463F11D8BC2AD0099EABB = {
						CreatedOnToolsVersion = 7.3.1;
						DevelopmentTeam = K68RHF34H8;
					};
				};
			};
			buildConfigurationList = 088463ED1D8BC2AD0099EABB /* Build configuration list for PBXProject "DYTV" */;
			compatibilityVersion = "Xcode 3.2";
			developmentRegion = English;
			hasScannedForEncodings = 0;
			knownRegions = (
				en,
				Base,
			);
			mainGroup = 088463E91D8BC2AD0099EABB;
			productRefGroup = 088463F31D8BC2AD0099EABB /* Products */;
			projectDirPath = "";
			projectRoot = "";
			targets = (
				088463F11D8BC2AD0099EABB /* DYTV */,
			);
		};
/* End PBXProject section */

/* Begin PBXResourcesBuildPhase section */
		088463F01D8BC2AD0099EABB /* Resources */ = {
			isa = PBXResourcesBuildPhase;
			buildActionMask = 2147483647;
			files = (
				08E4E8C91D8BD47C001798C4 /* Main.storyboard in Resources */,
				088464001D8BC2AD0099EABB /* LaunchScreen.storyboard in Resources */,
				088464081D8BC59A0099EABB /* Assets.xcassets in Resources */,
				08E4E8C21D8BD1FE001798C4 /* Live.storyboard in Resources */,
				08E4E8C01D8BD1EE001798C4 /* Home.storyboard in Resources */,
				08E4E8C71D8BD228001798C4 /* Profile.storyboard in Resources */,
				08E4E8C51D8BD215001798C4 /* Fellow.storyboard in Resources */,
			);
			runOnlyForDeploymentPostprocessing = 0;
		};
/* End PBXResourcesBuildPhase section */

/* Begin PBXSourcesBuildPhase section */
		088463EE1D8BC2AD0099EABB /* Sources */ = {
			isa = PBXSourcesBuildPhase;
			buildActionMask = 2147483647;
			files = (
				088463F61D8BC2AD0099EABB /* AppDelegate.swift in Sources */,
				08E4E8CC1D8BD7A2001798C4 /* UIBarButtonItem+Extension.swift in Sources */,
				08E4E8B51D8BCC85001798C4 /* MainViewController.swift in Sources */,
				08E4E8CE1D8BDA20001798C4 /* HomeViewController.swift in Sources */,
			);
			runOnlyForDeploymentPostprocessing = 0;
		};
/* End PBXSourcesBuildPhase section */

/* Begin PBXVariantGroup section */
		088463FE1D8BC2AD0099EABB /* LaunchScreen.storyboard */ = {
			isa = PBXVariantGroup;
			children = (
				088463FF1D8BC2AD0099EABB /* Base */,
			);
			name = LaunchScreen.storyboard;
			sourceTree = "<group>";
		};
		08E4E8BE1D8BD1EE001798C4 /* Home.storyboard */ = {
			isa = PBXVariantGroup;
			children = (
				08E4E8BF1D8BD1EE001798C4 /* Base */,
			);
			name = Home.storyboard;
			path = ../../Main/Controller;
			sourceTree = "<group>";
		};
		08E4E8C31D8BD215001798C4 /* Fellow.storyboard */ = {
			isa = PBXVariantGroup;
			children = (
				08E4E8C41D8BD215001798C4 /* Base */,
			);
			name = Fellow.storyboard;
			path = ../../Main/Controller;
			sourceTree = "<group>";
		};
/* End PBXVariantGroup section */

/* Begin XCBuildConfiguration section */
		088464021D8BC2AD0099EABB /* Debug */ = {
			isa = XCBuildConfiguration;
			buildSettings = {
				ALWAYS_SEARCH_USER_PATHS = NO;
				CLANG_ANALYZER_NONNULL = YES;
				CLANG_CXX_LANGUAGE_STANDARD = "gnu++0x";
				CLANG_CXX_LIBRARY = "libc++";
				CLANG_ENABLE_MODULES = YES;
				CLANG_ENABLE_OBJC_ARC = YES;
				CLANG_WARN_BOOL_CONVERSION = YES;
				CLANG_WARN_CONSTANT_CONVERSION = YES;
				CLANG_WARN_DIRECT_OBJC_ISA_USAGE = YES_ERROR;
				CLANG_WARN_EMPTY_BODY = YES;
				CLANG_WARN_ENUM_CONVERSION = YES;
				CLANG_WARN_INT_CONVERSION = YES;
				CLANG_WARN_OBJC_ROOT_CLASS = YES_ERROR;
				CLANG_WARN_UNREACHABLE_CODE = YES;
				CLANG_WARN__DUPLICATE_METHOD_MATCH = YES;
				"CODE_SIGN_IDENTITY[sdk=iphoneos*]" = "iPhone Developer";
				COPY_PHASE_STRIP = NO;
				DEBUG_INFORMATION_FORMAT = dwarf;
				ENABLE_STRICT_OBJC_MSGSEND = YES;
				ENABLE_TESTABILITY = YES;
				GCC_C_LANGUAGE_STANDARD = gnu99;
				GCC_DYNAMIC_NO_PIC = NO;
				GCC_NO_COMMON_BLOCKS = YES;
				GCC_OPTIMIZATION_LEVEL = 0;
				GCC_PREPROCESSOR_DEFINITIONS = (
					"DEBUG=1",
					"$(inherited)",
				);
				GCC_WARN_64_TO_32_BIT_CONVERSION = YES;
				GCC_WARN_ABOUT_RETURN_TYPE = YES_ERROR;
				GCC_WARN_UNDECLARED_SELECTOR = YES;
				GCC_WARN_UNINITIALIZED_AUTOS = YES_AGGRESSIVE;
				GCC_WARN_UNUSED_FUNCTION = YES;
				GCC_WARN_UNUSED_VARIABLE = YES;
				IPHONEOS_DEPLOYMENT_TARGET = 9.3;
				MTL_ENABLE_DEBUG_INFO = YES;
				ONLY_ACTIVE_ARCH = YES;
				SDKROOT = iphoneos;
				SWIFT_OPTIMIZATION_LEVEL = "-Onone";
				TARGETED_DEVICE_FAMILY = "1,2";
			};
			name = Debug;
		};
		088464031D8BC2AD0099EABB /* Release */ = {
			isa = XCBuildConfiguration;
			buildSettings = {
				ALWAYS_SEARCH_USER_PATHS = NO;
				CLANG_ANALYZER_NONNULL = YES;
				CLANG_CXX_LANGUAGE_STANDARD = "gnu++0x";
				CLANG_CXX_LIBRARY = "libc++";
				CLANG_ENABLE_MODULES = YES;
				CLANG_ENABLE_OBJC_ARC = YES;
				CLANG_WARN_BOOL_CONVERSION = YES;
				CLANG_WARN_CONSTANT_CONVERSION = YES;
				CLANG_WARN_DIRECT_OBJC_ISA_USAGE = YES_ERROR;
				CLANG_WARN_EMPTY_BODY = YES;
				CLANG_WARN_ENUM_CONVERSION = YES;
				CLANG_WARN_INT_CONVERSION = YES;
				CLANG_WARN_OBJC_ROOT_CLASS = YES_ERROR;
				CLANG_WARN_UNREACHABLE_CODE = YES;
				CLANG_WARN__DUPLICATE_METHOD_MATCH = YES;
				"CODE_SIGN_IDENTITY[sdk=iphoneos*]" = "iPhone Developer";
				COPY_PHASE_STRIP = NO;
				DEBUG_INFORMATION_FORMAT = "dwarf-with-dsym";
				ENABLE_NS_ASSERTIONS = NO;
				ENABLE_STRICT_OBJC_MSGSEND = YES;
				GCC_C_LANGUAGE_STANDARD = gnu99;
				GCC_NO_COMMON_BLOCKS = YES;
				GCC_WARN_64_TO_32_BIT_CONVERSION = YES;
				GCC_WARN_ABOUT_RETURN_TYPE = YES_ERROR;
				GCC_WARN_UNDECLARED_SELECTOR = YES;
				GCC_WARN_UNINITIALIZED_AUTOS = YES_AGGRESSIVE;
				GCC_WARN_UNUSED_FUNCTION = YES;
				GCC_WARN_UNUSED_VARIABLE = YES;
				IPHONEOS_DEPLOYMENT_TARGET = 9.3;
				MTL_ENABLE_DEBUG_INFO = NO;
				SDKROOT = iphoneos;
				TARGETED_DEVICE_FAMILY = "1,2";
				VALIDATE_PRODUCT = YES;
			};
			name = Release;
		};
		088464051D8BC2AD0099EABB /* Debug */ = {
			isa = XCBuildConfiguration;
			buildSettings = {
				ASSETCATALOG_COMPILER_APPICON_NAME = AppIcon;
				ASSETCATALOG_COMPILER_LAUNCHIMAGE_NAME = "Brand Assets";
				INFOPLIST_FILE = DYTV/Info.plist;
				IPHONEOS_DEPLOYMENT_TARGET = 8.0;
				LD_RUNPATH_SEARCH_PATHS = "$(inherited) @executable_path/Frameworks";
				PRODUCT_BUNDLE_IDENTIFIER = com.cqut.coderLL.DYTV;
				PRODUCT_NAME = "$(TARGET_NAME)";
			};
			name = Debug;
		};
		088464061D8BC2AD0099EABB /* Release */ = {
			isa = XCBuildConfiguration;
			buildSettings = {
				ASSETCATALOG_COMPILER_APPICON_NAME = AppIcon;
				ASSETCATALOG_COMPILER_LAUNCHIMAGE_NAME = "Brand Assets";
				INFOPLIST_FILE = DYTV/Info.plist;
				IPHONEOS_DEPLOYMENT_TARGET = 8.0;
				LD_RUNPATH_SEARCH_PATHS = "$(inherited) @executable_path/Frameworks";
				PRODUCT_BUNDLE_IDENTIFIER = com.cqut.coderLL.DYTV;
				PRODUCT_NAME = "$(TARGET_NAME)";
			};
			name = Release;
		};
/* End XCBuildConfiguration section */

/* Begin XCConfigurationList section */
		088463ED1D8BC2AD0099EABB /* Build configuration list for PBXProject "DYTV" */ = {
			isa = XCConfigurationList;
			buildConfigurations = (
				088464021D8BC2AD0099EABB /* Debug */,
				088464031D8BC2AD0099EABB /* Release */,
			);
			defaultConfigurationIsVisible = 0;
			defaultConfigurationName = Release;
		};
		088464041D8BC2AD0099EABB /* Build configuration list for PBXNativeTarget "DYTV" */ = {
			isa = XCConfigurationList;
			buildConfigurations = (
				088464051D8BC2AD0099EABB /* Debug */,
				088464061D8BC2AD0099EABB /* Release */,
			);
			defaultConfigurationIsVisible = 0;
			defaultConfigurationName = Release;
		};
/* End XCConfigurationList section */
	};
	rootObject = 088463EA1D8BC2AD0099EABB /* Project object */;
}
