// !$*UTF8*$!
{
	archiveVersion = 1;
	classes = {
	};
	objectVersion = 46;
	objects = {

/* Begin PBXBuildFile section */
		08411CF61DA01A1C00F64ADF /* CycleModel.swift in Sources */ = {isa = PBXBuildFile; fileRef = 08411CF51DA01A1C00F64ADF /* CycleModel.swift */; };
		08411CF91DA0210A00F64ADF /* CollectionViewCycleCell.swift in Sources */ = {isa = PBXBuildFile; fileRef = 08411CF71DA0210A00F64ADF /* CollectionViewCycleCell.swift */; };
		08411CFA1DA0210A00F64ADF /* CollectionViewCycleCell.xib in Resources */ = {isa = PBXBuildFile; fileRef = 08411CF81DA0210A00F64ADF /* CollectionViewCycleCell.xib */; };
		0848FC8E1DA030DC00641FFB /* RecommendGameView.swift in Sources */ = {isa = PBXBuildFile; fileRef = 0848FC8D1DA030DC00641FFB /* RecommendGameView.swift */; };
		0848FC901DA030E700641FFB /* RecommendGameView.xib in Resources */ = {isa = PBXBuildFile; fileRef = 0848FC8F1DA030E700641FFB /* RecommendGameView.xib */; };
		0848FC931DA0379E00641FFB /* CollectionViewGameCell.swift in Sources */ = {isa = PBXBuildFile; fileRef = 0848FC911DA0379E00641FFB /* CollectionViewGameCell.swift */; };
		0848FC941DA0379E00641FFB /* CollectionViewGameCell.xib in Resources */ = {isa = PBXBuildFile; fileRef = 0848FC921DA0379E00641FFB /* CollectionViewGameCell.xib */; };
		085E49AA1D9B91B20083E4F5 /* PageTitleView.swift in Sources */ = {isa = PBXBuildFile; fileRef = 085E49A91D9B91B20083E4F5 /* PageTitleView.swift */; };
		085E49AC1D9B9BD40083E4F5 /* PageContentView.swift in Sources */ = {isa = PBXBuildFile; fileRef = 085E49AB1D9B9BD40083E4F5 /* PageContentView.swift */; };
		085E49AE1D9C0C6F0083E4F5 /* RecommendViewController.swift in Sources */ = {isa = PBXBuildFile; fileRef = 085E49AD1D9C0C6F0083E4F5 /* RecommendViewController.swift */; };
		0879C1F91D9D11C1000910DF /* CollectionHeaderView.swift in Sources */ = {isa = PBXBuildFile; fileRef = 0879C1F71D9D11C1000910DF /* CollectionHeaderView.swift */; };
		0879C1FA1D9D11C1000910DF /* CollectionHeaderView.xib in Resources */ = {isa = PBXBuildFile; fileRef = 0879C1F81D9D11C1000910DF /* CollectionHeaderView.xib */; };
		088463F61D8BC2AD0099EABB /* AppDelegate.swift in Sources */ = {isa = PBXBuildFile; fileRef = 088463F51D8BC2AD0099EABB /* AppDelegate.swift */; };
		088464001D8BC2AD0099EABB /* LaunchScreen.storyboard in Resources */ = {isa = PBXBuildFile; fileRef = 088463FE1D8BC2AD0099EABB /* LaunchScreen.storyboard */; };
		088464081D8BC59A0099EABB /* Assets.xcassets in Resources */ = {isa = PBXBuildFile; fileRef = 088464071D8BC59A0099EABB /* Assets.xcassets */; };
		088C899F1D9FBE89005285CC /* CollectionBaseCell.swift in Sources */ = {isa = PBXBuildFile; fileRef = 088C899E1D9FBE89005285CC /* CollectionBaseCell.swift */; };
		088C89A11DA00EDD005285CC /* RecommendCycleView.swift in Sources */ = {isa = PBXBuildFile; fileRef = 088C89A01DA00EDD005285CC /* RecommendCycleView.swift */; };
		088C89A31DA00EF9005285CC /* RecommendCycleView.xib in Resources */ = {isa = PBXBuildFile; fileRef = 088C89A21DA00EF9005285CC /* RecommendCycleView.xib */; };
		089122471D8BE37A0048D81A /* Fellow.storyboard in Resources */ = {isa = PBXBuildFile; fileRef = 089122461D8BE37A0048D81A /* Fellow.storyboard */; };
		0891224B1D8BE42F0048D81A /* Home.storyboard in Resources */ = {isa = PBXBuildFile; fileRef = 0891224A1D8BE42F0048D81A /* Home.storyboard */; };
		08ACD79C1D9D612300E609E1 /* CollectionViewNormalCell.swift in Sources */ = {isa = PBXBuildFile; fileRef = 08ACD79A1D9D612300E609E1 /* CollectionViewNormalCell.swift */; };
		08ACD79D1D9D612300E609E1 /* CollectionViewNormalCell.xib in Resources */ = {isa = PBXBuildFile; fileRef = 08ACD79B1D9D612300E609E1 /* CollectionViewNormalCell.xib */; };
		08ACD7A01D9D653400E609E1 /* CollectionViewPrettyCell.swift in Sources */ = {isa = PBXBuildFile; fileRef = 08ACD79E1D9D653400E609E1 /* CollectionViewPrettyCell.swift */; };
		08ACD7A11D9D653400E609E1 /* CollectionViewPrettyCell.xib in Resources */ = {isa = PBXBuildFile; fileRef = 08ACD79F1D9D653400E609E1 /* CollectionViewPrettyCell.xib */; };
		08BDF53E1D9EDBC8009924FF /* NetworkTools.swift in Sources */ = {isa = PBXBuildFile; fileRef = 08BDF53D1D9EDBC8009924FF /* NetworkTools.swift */; };
		08BDF5411D9EE1D1009924FF /* RecommendViewModel.swift in Sources */ = {isa = PBXBuildFile; fileRef = 08BDF5401D9EE1D1009924FF /* RecommendViewModel.swift */; };
		08BDF5431D9EE405009924FF /* NSDate+Extension.swift in Sources */ = {isa = PBXBuildFile; fileRef = 08BDF5421D9EE405009924FF /* NSDate+Extension.swift */; };
		08BDF5451D9EE647009924FF /* AnchorGroup.swift in Sources */ = {isa = PBXBuildFile; fileRef = 08BDF5441D9EE647009924FF /* AnchorGroup.swift */; };
		08BDF5471D9EE806009924FF /* AnchorModel.swift in Sources */ = {isa = PBXBuildFile; fileRef = 08BDF5461D9EE806009924FF /* AnchorModel.swift */; };
		08E4E8B51D8BCC85001798C4 /* MainViewController.swift in Sources */ = {isa = PBXBuildFile; fileRef = 08E4E8B41D8BCC85001798C4 /* MainViewController.swift */; };
		08E4E8C91D8BD47C001798C4 /* Main.storyboard in Resources */ = {isa = PBXBuildFile; fileRef = 08E4E8C81D8BD47C001798C4 /* Main.storyboard */; };
		08E4E8CC1D8BD7A2001798C4 /* UIBarButtonItem+Extension.swift in Sources */ = {isa = PBXBuildFile; fileRef = 08E4E8CB1D8BD7A2001798C4 /* UIBarButtonItem+Extension.swift */; };
		08E4E8CE1D8BDA20001798C4 /* HomeViewController.swift in Sources */ = {isa = PBXBuildFile; fileRef = 08E4E8CD1D8BDA20001798C4 /* HomeViewController.swift */; };
		08E4E8D01D8BDC7C001798C4 /* Profile.storyboard in Resources */ = {isa = PBXBuildFile; fileRef = 08E4E8CF1D8BDC7C001798C4 /* Profile.storyboard */; };
		08E4E8D21D8BDC8E001798C4 /* Live.storyboard in Resources */ = {isa = PBXBuildFile; fileRef = 08E4E8D11D8BDC8E001798C4 /* Live.storyboard */; };
		08E4E8D41D8BDD09001798C4 /* UIColor+Extension.swift in Sources */ = {isa = PBXBuildFile; fileRef = 08E4E8D31D8BDD09001798C4 /* UIColor+Extension.swift */; };
		08E4E8D61D8BDDB8001798C4 /* Common.swift in Sources */ = {isa = PBXBuildFile; fileRef = 08E4E8D51D8BDDB8001798C4 /* Common.swift */; };
		08E4E8D81D8BDE3D001798C4 /* ProfileViewController.swift in Sources */ = {isa = PBXBuildFile; fileRef = 08E4E8D71D8BDE3D001798C4 /* ProfileViewController.swift */; };
		08E4E8DA1D8BDE5E001798C4 /* FellowViewController.swift in Sources */ = {isa = PBXBuildFile; fileRef = 08E4E8D91D8BDE5E001798C4 /* FellowViewController.swift */; };
		08E4E8DE1D8BE020001798C4 /* LiveViewController.swift in Sources */ = {isa = PBXBuildFile; fileRef = 08E4E8DD1D8BE020001798C4 /* LiveViewController.swift */; };
		5D8E8F5830564CCD8CA40D23 /* Pods_DYTV.framework in Frameworks */ = {isa = PBXBuildFile; fileRef = DFEFECFF0B69A61946540205 /* Pods_DYTV.framework */; };
		6B0B09A91DB1456200BD14D1 /* AmuseMenuView.swift in Sources */ = {isa = PBXBuildFile; fileRef = 6B0B09A81DB1456200BD14D1 /* AmuseMenuView.swift */; };
		6B0B09AB1DB1456F00BD14D1 /* AmuseMenuView.xib in Resources */ = {isa = PBXBuildFile; fileRef = 6B0B09AA1DB1456F00BD14D1 /* AmuseMenuView.xib */; };
		6B19B6491DB156C4001F8F2B /* AmuseMenuViewCell.swift in Sources */ = {isa = PBXBuildFile; fileRef = 6B19B6471DB156C4001F8F2B /* AmuseMenuViewCell.swift */; };
		6B19B64A1DB156C4001F8F2B /* AmuseMenuViewCell.xib in Resources */ = {isa = PBXBuildFile; fileRef = 6B19B6481DB156C4001F8F2B /* AmuseMenuViewCell.xib */; };
		6B60A2C51DB120FD006517EA /* BaseViewModel.swift in Sources */ = {isa = PBXBuildFile; fileRef = 6B60A2C41DB120FD006517EA /* BaseViewModel.swift */; };
		6B60A2C71DB13B11006517EA /* BaseAnchorViewController.swift in Sources */ = {isa = PBXBuildFile; fileRef = 6B60A2C61DB13B11006517EA /* BaseAnchorViewController.swift */; };
		6B7BAD931DAF88DF00A9054C /* AmuseViewController.swift in Sources */ = {isa = PBXBuildFile; fileRef = 6B7BAD921DAF88DF00A9054C /* AmuseViewController.swift */; };
		6B7BAD991DAF8B2E00A9054C /* AmuseViewModel.swift in Sources */ = {isa = PBXBuildFile; fileRef = 6B7BAD981DAF8B2E00A9054C /* AmuseViewModel.swift */; };
		6B87B8FB1DB20E5100D2A41F /* FunnyViewController.swift in Sources */ = {isa = PBXBuildFile; fileRef = 6B87B8FA1DB20E5100D2A41F /* FunnyViewController.swift */; };
		6B87B8FD1DB21B7600D2A41F /* BaseViewController.swift in Sources */ = {isa = PBXBuildFile; fileRef = 6B87B8FC1DB21B7600D2A41F /* BaseViewController.swift */; };
		6B87B9041DB25D0F00D2A41F /* RoomShowViewController.swift in Sources */ = {isa = PBXBuildFile; fileRef = 6B87B9031DB25D0F00D2A41F /* RoomShowViewController.swift */; };
		6B87B9061DB25F5500D2A41F /* RoomNormalViewController.swift in Sources */ = {isa = PBXBuildFile; fileRef = 6B87B9051DB25F5500D2A41F /* RoomNormalViewController.swift */; };
		6B87B9081DB25FFC00D2A41F /* CustomNavigationViewController.swift in Sources */ = {isa = PBXBuildFile; fileRef = 6B87B9071DB25FFC00D2A41F /* CustomNavigationViewController.swift */; };
		6BBF99771DADECA4003C5C0A /* GameViewController.swift in Sources */ = {isa = PBXBuildFile; fileRef = 6BBF99761DADECA4003C5C0A /* GameViewController.swift */; };
		6BBF99791DADED27003C5C0A /* GameModel.swift in Sources */ = {isa = PBXBuildFile; fileRef = 6BBF99781DADED27003C5C0A /* GameModel.swift */; };
		6BBF997B1DADED37003C5C0A /* BaseGameModel.swift in Sources */ = {isa = PBXBuildFile; fileRef = 6BBF997A1DADED37003C5C0A /* BaseGameModel.swift */; };
		6BBF997D1DADEE44003C5C0A /* GameViewModel.swift in Sources */ = {isa = PBXBuildFile; fileRef = 6BBF997C1DADEE44003C5C0A /* GameViewModel.swift */; };
/* End PBXBuildFile section */

/* Begin PBXFileReference section */
		08411CF51DA01A1C00F64ADF /* CycleModel.swift */ = {isa = PBXFileReference; fileEncoding = 4; lastKnownFileType = sourcecode.swift; path = CycleModel.swift; sourceTree = "<group>"; };
		08411CF71DA0210A00F64ADF /* CollectionViewCycleCell.swift */ = {isa = PBXFileReference; fileEncoding = 4; lastKnownFileType = sourcecode.swift; path = CollectionViewCycleCell.swift; sourceTree = "<group>"; };
		08411CF81DA0210A00F64ADF /* CollectionViewCycleCell.xib */ = {isa = PBXFileReference; fileEncoding = 4; lastKnownFileType = file.xib; path = CollectionViewCycleCell.xib; sourceTree = "<group>"; };
		0848FC8D1DA030DC00641FFB /* RecommendGameView.swift */ = {isa = PBXFileReference; fileEncoding = 4; lastKnownFileType = sourcecode.swift; path = RecommendGameView.swift; sourceTree = "<group>"; };
		0848FC8F1DA030E700641FFB /* RecommendGameView.xib */ = {isa = PBXFileReference; fileEncoding = 4; lastKnownFileType = file.xib; path = RecommendGameView.xib; sourceTree = "<group>"; };
		0848FC911DA0379E00641FFB /* CollectionViewGameCell.swift */ = {isa = PBXFileReference; fileEncoding = 4; lastKnownFileType = sourcecode.swift; path = CollectionViewGameCell.swift; sourceTree = "<group>"; };
		0848FC921DA0379E00641FFB /* CollectionViewGameCell.xib */ = {isa = PBXFileReference; fileEncoding = 4; lastKnownFileType = file.xib; path = CollectionViewGameCell.xib; sourceTree = "<group>"; };
		085E49A91D9B91B20083E4F5 /* PageTitleView.swift */ = {isa = PBXFileReference; fileEncoding = 4; lastKnownFileType = sourcecode.swift; path = PageTitleView.swift; sourceTree = "<group>"; };
		085E49AB1D9B9BD40083E4F5 /* PageContentView.swift */ = {isa = PBXFileReference; fileEncoding = 4; lastKnownFileType = sourcecode.swift; path = PageContentView.swift; sourceTree = "<group>"; };
		085E49AD1D9C0C6F0083E4F5 /* RecommendViewController.swift */ = {isa = PBXFileReference; fileEncoding = 4; lastKnownFileType = sourcecode.swift; path = RecommendViewController.swift; sourceTree = "<group>"; };
		0879C1F71D9D11C1000910DF /* CollectionHeaderView.swift */ = {isa = PBXFileReference; fileEncoding = 4; lastKnownFileType = sourcecode.swift; path = CollectionHeaderView.swift; sourceTree = "<group>"; };
		0879C1F81D9D11C1000910DF /* CollectionHeaderView.xib */ = {isa = PBXFileReference; fileEncoding = 4; lastKnownFileType = file.xib; path = CollectionHeaderView.xib; sourceTree = "<group>"; };
		088463F21D8BC2AD0099EABB /* DYTV.app */ = {isa = PBXFileReference; explicitFileType = wrapper.application; includeInIndex = 0; path = DYTV.app; sourceTree = BUILT_PRODUCTS_DIR; };
		088463F51D8BC2AD0099EABB /* AppDelegate.swift */ = {isa = PBXFileReference; lastKnownFileType = sourcecode.swift; path = AppDelegate.swift; sourceTree = "<group>"; };
		088463FF1D8BC2AD0099EABB /* Base */ = {isa = PBXFileReference; lastKnownFileType = file.storyboard; name = Base; path = Base.lproj/LaunchScreen.storyboard; sourceTree = "<group>"; };
		088464011D8BC2AD0099EABB /* Info.plist */ = {isa = PBXFileReference; lastKnownFileType = text.plist.xml; path = Info.plist; sourceTree = "<group>"; };
		088464071D8BC59A0099EABB /* Assets.xcassets */ = {isa = PBXFileReference; lastKnownFileType = folder.assetcatalog; path = Assets.xcassets; sourceTree = "<group>"; };
		088C899E1D9FBE89005285CC /* CollectionBaseCell.swift */ = {isa = PBXFileReference; fileEncoding = 4; lastKnownFileType = sourcecode.swift; path = CollectionBaseCell.swift; sourceTree = "<group>"; };
		088C89A01DA00EDD005285CC /* RecommendCycleView.swift */ = {isa = PBXFileReference; fileEncoding = 4; lastKnownFileType = sourcecode.swift; path = RecommendCycleView.swift; sourceTree = "<group>"; };
		088C89A21DA00EF9005285CC /* RecommendCycleView.xib */ = {isa = PBXFileReference; fileEncoding = 4; lastKnownFileType = file.xib; path = RecommendCycleView.xib; sourceTree = "<group>"; };
		089122461D8BE37A0048D81A /* Fellow.storyboard */ = {isa = PBXFileReference; fileEncoding = 4; lastKnownFileType = file.storyboard; path = Fellow.storyboard; sourceTree = "<group>"; };
		0891224A1D8BE42F0048D81A /* Home.storyboard */ = {isa = PBXFileReference; fileEncoding = 4; lastKnownFileType = file.storyboard; path = Home.storyboard; sourceTree = "<group>"; };
		08ACD79A1D9D612300E609E1 /* CollectionViewNormalCell.swift */ = {isa = PBXFileReference; fileEncoding = 4; lastKnownFileType = sourcecode.swift; path = CollectionViewNormalCell.swift; sourceTree = "<group>"; };
		08ACD79B1D9D612300E609E1 /* CollectionViewNormalCell.xib */ = {isa = PBXFileReference; fileEncoding = 4; lastKnownFileType = file.xib; path = CollectionViewNormalCell.xib; sourceTree = "<group>"; };
		08ACD79E1D9D653400E609E1 /* CollectionViewPrettyCell.swift */ = {isa = PBXFileReference; fileEncoding = 4; lastKnownFileType = sourcecode.swift; path = CollectionViewPrettyCell.swift; sourceTree = "<group>"; };
		08ACD79F1D9D653400E609E1 /* CollectionViewPrettyCell.xib */ = {isa = PBXFileReference; fileEncoding = 4; lastKnownFileType = file.xib; path = CollectionViewPrettyCell.xib; sourceTree = "<group>"; };
		08BDF53D1D9EDBC8009924FF /* NetworkTools.swift */ = {isa = PBXFileReference; fileEncoding = 4; lastKnownFileType = sourcecode.swift; path = NetworkTools.swift; sourceTree = "<group>"; };
		08BDF5401D9EE1D1009924FF /* RecommendViewModel.swift */ = {isa = PBXFileReference; fileEncoding = 4; lastKnownFileType = sourcecode.swift; path = RecommendViewModel.swift; sourceTree = "<group>"; };
		08BDF5421D9EE405009924FF /* NSDate+Extension.swift */ = {isa = PBXFileReference; fileEncoding = 4; lastKnownFileType = sourcecode.swift; path = "NSDate+Extension.swift"; sourceTree = "<group>"; };
		08BDF5441D9EE647009924FF /* AnchorGroup.swift */ = {isa = PBXFileReference; fileEncoding = 4; lastKnownFileType = sourcecode.swift; path = AnchorGroup.swift; sourceTree = "<group>"; };
		08BDF5461D9EE806009924FF /* AnchorModel.swift */ = {isa = PBXFileReference; fileEncoding = 4; lastKnownFileType = sourcecode.swift; path = AnchorModel.swift; sourceTree = "<group>"; };
		08E4E8B41D8BCC85001798C4 /* MainViewController.swift */ = {isa = PBXFileReference; fileEncoding = 4; lastKnownFileType = sourcecode.swift; path = MainViewController.swift; sourceTree = "<group>"; };
		08E4E8C81D8BD47C001798C4 /* Main.storyboard */ = {isa = PBXFileReference; fileEncoding = 4; lastKnownFileType = file.storyboard; path = Main.storyboard; sourceTree = "<group>"; };
		08E4E8CB1D8BD7A2001798C4 /* UIBarButtonItem+Extension.swift */ = {isa = PBXFileReference; fileEncoding = 4; lastKnownFileType = sourcecode.swift; path = "UIBarButtonItem+Extension.swift"; sourceTree = "<group>"; };
		08E4E8CD1D8BDA20001798C4 /* HomeViewController.swift */ = {isa = PBXFileReference; fileEncoding = 4; lastKnownFileType = sourcecode.swift; path = HomeViewController.swift; sourceTree = "<group>"; };
		08E4E8CF1D8BDC7C001798C4 /* Profile.storyboard */ = {isa = PBXFileReference; fileEncoding = 4; lastKnownFileType = file.storyboard; path = Profile.storyboard; sourceTree = "<group>"; };
		08E4E8D11D8BDC8E001798C4 /* Live.storyboard */ = {isa = PBXFileReference; fileEncoding = 4; lastKnownFileType = file.storyboard; path = Live.storyboard; sourceTree = "<group>"; };
		08E4E8D31D8BDD09001798C4 /* UIColor+Extension.swift */ = {isa = PBXFileReference; fileEncoding = 4; lastKnownFileType = sourcecode.swift; path = "UIColor+Extension.swift"; sourceTree = "<group>"; };
		08E4E8D51D8BDDB8001798C4 /* Common.swift */ = {isa = PBXFileReference; fileEncoding = 4; lastKnownFileType = sourcecode.swift; path = Common.swift; sourceTree = "<group>"; };
		08E4E8D71D8BDE3D001798C4 /* ProfileViewController.swift */ = {isa = PBXFileReference; fileEncoding = 4; lastKnownFileType = sourcecode.swift; path = ProfileViewController.swift; sourceTree = "<group>"; };
		08E4E8D91D8BDE5E001798C4 /* FellowViewController.swift */ = {isa = PBXFileReference; fileEncoding = 4; lastKnownFileType = sourcecode.swift; path = FellowViewController.swift; sourceTree = "<group>"; };
		08E4E8DD1D8BE020001798C4 /* LiveViewController.swift */ = {isa = PBXFileReference; fileEncoding = 4; lastKnownFileType = sourcecode.swift; path = LiveViewController.swift; sourceTree = "<group>"; };
		6B0B09A81DB1456200BD14D1 /* AmuseMenuView.swift */ = {isa = PBXFileReference; fileEncoding = 4; lastKnownFileType = sourcecode.swift; path = AmuseMenuView.swift; sourceTree = "<group>"; };
		6B0B09AA1DB1456F00BD14D1 /* AmuseMenuView.xib */ = {isa = PBXFileReference; fileEncoding = 4; lastKnownFileType = file.xib; path = AmuseMenuView.xib; sourceTree = "<group>"; };
		6B19B6471DB156C4001F8F2B /* AmuseMenuViewCell.swift */ = {isa = PBXFileReference; fileEncoding = 4; lastKnownFileType = sourcecode.swift; path = AmuseMenuViewCell.swift; sourceTree = "<group>"; };
		6B19B6481DB156C4001F8F2B /* AmuseMenuViewCell.xib */ = {isa = PBXFileReference; fileEncoding = 4; lastKnownFileType = file.xib; path = AmuseMenuViewCell.xib; sourceTree = "<group>"; };
		6B60A2C41DB120FD006517EA /* BaseViewModel.swift */ = {isa = PBXFileReference; fileEncoding = 4; lastKnownFileType = sourcecode.swift; path = BaseViewModel.swift; sourceTree = "<group>"; };
		6B60A2C61DB13B11006517EA /* BaseAnchorViewController.swift */ = {isa = PBXFileReference; fileEncoding = 4; lastKnownFileType = sourcecode.swift; path = BaseAnchorViewController.swift; sourceTree = "<group>"; };
		6B7BAD921DAF88DF00A9054C /* AmuseViewController.swift */ = {isa = PBXFileReference; fileEncoding = 4; lastKnownFileType = sourcecode.swift; path = AmuseViewController.swift; sourceTree = "<group>"; };
		6B7BAD981DAF8B2E00A9054C /* AmuseViewModel.swift */ = {isa = PBXFileReference; fileEncoding = 4; lastKnownFileType = sourcecode.swift; path = AmuseViewModel.swift; sourceTree = "<group>"; };
		6B87B8FA1DB20E5100D2A41F /* FunnyViewController.swift */ = {isa = PBXFileReference; fileEncoding = 4; lastKnownFileType = sourcecode.swift; path = FunnyViewController.swift; sourceTree = "<group>"; };
		6B87B8FC1DB21B7600D2A41F /* BaseViewController.swift */ = {isa = PBXFileReference; fileEncoding = 4; lastKnownFileType = sourcecode.swift; path = BaseViewController.swift; sourceTree = "<group>"; };
		6B87B9031DB25D0F00D2A41F /* RoomShowViewController.swift */ = {isa = PBXFileReference; fileEncoding = 4; lastKnownFileType = sourcecode.swift; path = RoomShowViewController.swift; sourceTree = "<group>"; };
		6B87B9051DB25F5500D2A41F /* RoomNormalViewController.swift */ = {isa = PBXFileReference; fileEncoding = 4; lastKnownFileType = sourcecode.swift; path = RoomNormalViewController.swift; sourceTree = "<group>"; };
		6B87B9071DB25FFC00D2A41F /* CustomNavigationViewController.swift */ = {isa = PBXFileReference; fileEncoding = 4; lastKnownFileType = sourcecode.swift; path = CustomNavigationViewController.swift; sourceTree = "<group>"; };
		6BBF99761DADECA4003C5C0A /* GameViewController.swift */ = {isa = PBXFileReference; fileEncoding = 4; lastKnownFileType = sourcecode.swift; path = GameViewController.swift; sourceTree = "<group>"; };
		6BBF99781DADED27003C5C0A /* GameModel.swift */ = {isa = PBXFileReference; fileEncoding = 4; lastKnownFileType = sourcecode.swift; path = GameModel.swift; sourceTree = "<group>"; };
		6BBF997A1DADED37003C5C0A /* BaseGameModel.swift */ = {isa = PBXFileReference; fileEncoding = 4; lastKnownFileType = sourcecode.swift; path = BaseGameModel.swift; sourceTree = "<group>"; };
		6BBF997C1DADEE44003C5C0A /* GameViewModel.swift */ = {isa = PBXFileReference; fileEncoding = 4; lastKnownFileType = sourcecode.swift; path = GameViewModel.swift; sourceTree = "<group>"; };
		9AFECE75F75745B14A541860 /* Pods-DYTV.debug.xcconfig */ = {isa = PBXFileReference; includeInIndex = 1; lastKnownFileType = text.xcconfig; name = "Pods-DYTV.debug.xcconfig"; path = "Pods/Target Support Files/Pods-DYTV/Pods-DYTV.debug.xcconfig"; sourceTree = "<group>"; };
		DFEFECFF0B69A61946540205 /* Pods_DYTV.framework */ = {isa = PBXFileReference; explicitFileType = wrapper.framework; includeInIndex = 0; path = Pods_DYTV.framework; sourceTree = BUILT_PRODUCTS_DIR; };
		F931196BDADDC93840A1B031 /* Pods-DYTV.release.xcconfig */ = {isa = PBXFileReference; includeInIndex = 1; lastKnownFileType = text.xcconfig; name = "Pods-DYTV.release.xcconfig"; path = "Pods/Target Support Files/Pods-DYTV/Pods-DYTV.release.xcconfig"; sourceTree = "<group>"; };
/* End PBXFileReference section */

/* Begin PBXFrameworksBuildPhase section */
		088463EF1D8BC2AD0099EABB /* Frameworks */ = {
			isa = PBXFrameworksBuildPhase;
			buildActionMask = 2147483647;
			files = (
				5D8E8F5830564CCD8CA40D23 /* Pods_DYTV.framework in Frameworks */,
			);
			runOnlyForDeploymentPostprocessing = 0;
		};
/* End PBXFrameworksBuildPhase section */

/* Begin PBXGroup section */
		088463E91D8BC2AD0099EABB = {
			isa = PBXGroup;
			children = (
				088463F41D8BC2AD0099EABB /* DYTV */,
				088463F31D8BC2AD0099EABB /* Products */,
				8AA93D007367E25DEC95A53F /* Pods */,
				A857E51038E4C4DDE0BA2519 /* Frameworks */,
			);
			sourceTree = "<group>";
		};
		088463F31D8BC2AD0099EABB /* Products */ = {
			isa = PBXGroup;
			children = (
				088463F21D8BC2AD0099EABB /* DYTV.app */,
			);
			name = Products;
			sourceTree = "<group>";
		};
		088463F41D8BC2AD0099EABB /* DYTV */ = {
			isa = PBXGroup;
			children = (
				088464101D8BC8B40099EABB /* Classes */,
				088463F51D8BC2AD0099EABB /* AppDelegate.swift */,
				088464071D8BC59A0099EABB /* Assets.xcassets */,
				088463FE1D8BC2AD0099EABB /* LaunchScreen.storyboard */,
				088464011D8BC2AD0099EABB /* Info.plist */,
			);
			path = DYTV;
			sourceTree = "<group>";
		};
		088464101D8BC8B40099EABB /* Classes */ = {
			isa = PBXGroup;
			children = (
				0884641D1D8BC8B40099EABB /* Main */,
				6B87B8FE1DB25C5600D2A41F /* Room */,
				088464151D8BC8B40099EABB /* Home */,
				088464191D8BC8B40099EABB /* Live */,
				088464111D8BC8B40099EABB /* Fellow */,
				088464211D8BC8B40099EABB /* Profile */,
				088464251D8BC8B40099EABB /* Tools */,
			);
			path = Classes;
			sourceTree = "<group>";
		};
		088464111D8BC8B40099EABB /* Fellow */ = {
			isa = PBXGroup;
			children = (
				088464121D8BC8B40099EABB /* Controller */,
				088464131D8BC8B40099EABB /* Model */,
				088464141D8BC8B40099EABB /* View */,
			);
			path = Fellow;
			sourceTree = "<group>";
		};
		088464121D8BC8B40099EABB /* Controller */ = {
			isa = PBXGroup;
			children = (
				089122461D8BE37A0048D81A /* Fellow.storyboard */,
				08E4E8D91D8BDE5E001798C4 /* FellowViewController.swift */,
			);
			path = Controller;
			sourceTree = "<group>";
		};
		088464131D8BC8B40099EABB /* Model */ = {
			isa = PBXGroup;
			children = (
			);
			path = Model;
			sourceTree = "<group>";
		};
		088464141D8BC8B40099EABB /* View */ = {
			isa = PBXGroup;
			children = (
			);
			path = View;
			sourceTree = "<group>";
		};
		088464151D8BC8B40099EABB /* Home */ = {
			isa = PBXGroup;
			children = (
				088464161D8BC8B40099EABB /* Controller */,
				088464171D8BC8B40099EABB /* Model */,
				088464181D8BC8B40099EABB /* View */,
				08BDF53F1D9EE19B009924FF /* ViewModel */,
			);
			path = Home;
			sourceTree = "<group>";
		};
		088464161D8BC8B40099EABB /* Controller */ = {
			isa = PBXGroup;
			children = (
				0891224A1D8BE42F0048D81A /* Home.storyboard */,
				08E4E8CD1D8BDA20001798C4 /* HomeViewController.swift */,
				085E49AD1D9C0C6F0083E4F5 /* RecommendViewController.swift */,
				6BBF99761DADECA4003C5C0A /* GameViewController.swift */,
				6B7BAD921DAF88DF00A9054C /* AmuseViewController.swift */,
				6B87B8FA1DB20E5100D2A41F /* FunnyViewController.swift */,
			);
			path = Controller;
			sourceTree = "<group>";
		};
		088464171D8BC8B40099EABB /* Model */ = {
			isa = PBXGroup;
			children = (
				6BBF99781DADED27003C5C0A /* GameModel.swift */,
				08411CF51DA01A1C00F64ADF /* CycleModel.swift */,
			);
			path = Model;
			sourceTree = "<group>";
		};
		088464181D8BC8B40099EABB /* View */ = {
			isa = PBXGroup;
			children = (
				0879C1F71D9D11C1000910DF /* CollectionHeaderView.swift */,
				0879C1F81D9D11C1000910DF /* CollectionHeaderView.xib */,
				088C89A01DA00EDD005285CC /* RecommendCycleView.swift */,
				088C89A21DA00EF9005285CC /* RecommendCycleView.xib */,
				08411CF71DA0210A00F64ADF /* CollectionViewCycleCell.swift */,
				08411CF81DA0210A00F64ADF /* CollectionViewCycleCell.xib */,
				0848FC8D1DA030DC00641FFB /* RecommendGameView.swift */,
				0848FC8F1DA030E700641FFB /* RecommendGameView.xib */,
				0848FC911DA0379E00641FFB /* CollectionViewGameCell.swift */,
				0848FC921DA0379E00641FFB /* CollectionViewGameCell.xib */,
				6B0B09A81DB1456200BD14D1 /* AmuseMenuView.swift */,
				6B0B09AA1DB1456F00BD14D1 /* AmuseMenuView.xib */,
				6B19B6471DB156C4001F8F2B /* AmuseMenuViewCell.swift */,
				6B19B6481DB156C4001F8F2B /* AmuseMenuViewCell.xib */,
			);
			path = View;
			sourceTree = "<group>";
		};
		088464191D8BC8B40099EABB /* Live */ = {
			isa = PBXGroup;
			children = (
				0884641A1D8BC8B40099EABB /* Controller */,
				0884641B1D8BC8B40099EABB /* Model */,
				0884641C1D8BC8B40099EABB /* View */,
			);
			path = Live;
			sourceTree = "<group>";
		};
		0884641A1D8BC8B40099EABB /* Controller */ = {
			isa = PBXGroup;
			children = (
				08E4E8D11D8BDC8E001798C4 /* Live.storyboard */,
				08E4E8DD1D8BE020001798C4 /* LiveViewController.swift */,
			);
			path = Controller;
			sourceTree = "<group>";
		};
		0884641B1D8BC8B40099EABB /* Model */ = {
			isa = PBXGroup;
			children = (
			);
			path = Model;
			sourceTree = "<group>";
		};
		0884641C1D8BC8B40099EABB /* View */ = {
			isa = PBXGroup;
			children = (
			);
			path = View;
			sourceTree = "<group>";
		};
		0884641D1D8BC8B40099EABB /* Main */ = {
			isa = PBXGroup;
			children = (
				6B60A2C31DB120F0006517EA /* ViewModel */,
				0884641F1D8BC8B40099EABB /* Model */,
				088464201D8BC8B40099EABB /* View */,
				0884641E1D8BC8B40099EABB /* Controller */,
			);
			path = Main;
			sourceTree = "<group>";
		};
		0884641E1D8BC8B40099EABB /* Controller */ = {
			isa = PBXGroup;
			children = (
				08E4E8C81D8BD47C001798C4 /* Main.storyboard */,
				08E4E8B41D8BCC85001798C4 /* MainViewController.swift */,
				6B60A2C61DB13B11006517EA /* BaseAnchorViewController.swift */,
				6B87B8FC1DB21B7600D2A41F /* BaseViewController.swift */,
				6B87B9071DB25FFC00D2A41F /* CustomNavigationViewController.swift */,
			);
			path = Controller;
			sourceTree = "<group>";
		};
		0884641F1D8BC8B40099EABB /* Model */ = {
			isa = PBXGroup;
			children = (
				6BBF997A1DADED37003C5C0A /* BaseGameModel.swift */,
				08BDF5441D9EE647009924FF /* AnchorGroup.swift */,
				08BDF5461D9EE806009924FF /* AnchorModel.swift */,
			);
			path = Model;
			sourceTree = "<group>";
		};
		088464201D8BC8B40099EABB /* View */ = {
			isa = PBXGroup;
			children = (
				085E49A91D9B91B20083E4F5 /* PageTitleView.swift */,
				085E49AB1D9B9BD40083E4F5 /* PageContentView.swift */,
				088C899E1D9FBE89005285CC /* CollectionBaseCell.swift */,
				08ACD79A1D9D612300E609E1 /* CollectionViewNormalCell.swift */,
				08ACD79B1D9D612300E609E1 /* CollectionViewNormalCell.xib */,
				08ACD79E1D9D653400E609E1 /* CollectionViewPrettyCell.swift */,
				08ACD79F1D9D653400E609E1 /* CollectionViewPrettyCell.xib */,
			);
			path = View;
			sourceTree = "<group>";
		};
		088464211D8BC8B40099EABB /* Profile */ = {
			isa = PBXGroup;
			children = (
				088464221D8BC8B40099EABB /* Controller */,
				088464231D8BC8B40099EABB /* Model */,
				088464241D8BC8B40099EABB /* View */,
			);
			path = Profile;
			sourceTree = "<group>";
		};
		088464221D8BC8B40099EABB /* Controller */ = {
			isa = PBXGroup;
			children = (
				08E4E8CF1D8BDC7C001798C4 /* Profile.storyboard */,
				08E4E8D71D8BDE3D001798C4 /* ProfileViewController.swift */,
			);
			path = Controller;
			sourceTree = "<group>";
		};
		088464231D8BC8B40099EABB /* Model */ = {
			isa = PBXGroup;
			children = (
			);
			path = Model;
			sourceTree = "<group>";
		};
		088464241D8BC8B40099EABB /* View */ = {
			isa = PBXGroup;
			children = (
			);
			path = View;
			sourceTree = "<group>";
		};
		088464251D8BC8B40099EABB /* Tools */ = {
			isa = PBXGroup;
			children = (
				08E4E8CA1D8BD789001798C4 /* Extensions */,
				08E4E8D51D8BDDB8001798C4 /* Common.swift */,
				08BDF53D1D9EDBC8009924FF /* NetworkTools.swift */,
			);
			path = Tools;
			sourceTree = "<group>";
		};
		08BDF53F1D9EE19B009924FF /* ViewModel */ = {
			isa = PBXGroup;
			children = (
				6BBF997C1DADEE44003C5C0A /* GameViewModel.swift */,
				08BDF5401D9EE1D1009924FF /* RecommendViewModel.swift */,
				6B7BAD981DAF8B2E00A9054C /* AmuseViewModel.swift */,
			);
			path = ViewModel;
			sourceTree = "<group>";
		};
		08E4E8CA1D8BD789001798C4 /* Extensions */ = {
			isa = PBXGroup;
			children = (
				08E4E8CB1D8BD7A2001798C4 /* UIBarButtonItem+Extension.swift */,
				08E4E8D31D8BDD09001798C4 /* UIColor+Extension.swift */,
				08BDF5421D9EE405009924FF /* NSDate+Extension.swift */,
			);
			path = Extensions;
			sourceTree = "<group>";
		};
		6B60A2C31DB120F0006517EA /* ViewModel */ = {
			isa = PBXGroup;
			children = (
				6B60A2C41DB120FD006517EA /* BaseViewModel.swift */,
			);
			path = ViewModel;
			sourceTree = "<group>";
		};
		6B87B8FE1DB25C5600D2A41F /* Room */ = {
			isa = PBXGroup;
			children = (
				6B87B9021DB25C5600D2A41F /* ViewModel */,
				6B87B9001DB25C5600D2A41F /* Model */,
				6B87B9011DB25C5600D2A41F /* View */,
				6B87B8FF1DB25C5600D2A41F /* Controller */,
			);
			path = Room;
			sourceTree = "<group>";
		};
		6B87B8FF1DB25C5600D2A41F /* Controller */ = {
			isa = PBXGroup;
			children = (
				6B87B9051DB25F5500D2A41F /* RoomNormalViewController.swift */,
				6B87B9031DB25D0F00D2A41F /* RoomShowViewController.swift */,
			);
			path = Controller;
			sourceTree = "<group>";
		};
		6B87B9001DB25C5600D2A41F /* Model */ = {
			isa = PBXGroup;
			children = (
			);
			path = Model;
			sourceTree = "<group>";
		};
		6B87B9011DB25C5600D2A41F /* View */ = {
			isa = PBXGroup;
			children = (
			);
			path = View;
			sourceTree = "<group>";
		};
		6B87B9021DB25C5600D2A41F /* ViewModel */ = {
			isa = PBXGroup;
			children = (
			);
			path = ViewModel;
			sourceTree = "<group>";
		};
		8AA93D007367E25DEC95A53F /* Pods */ = {
			isa = PBXGroup;
			children = (
				9AFECE75F75745B14A541860 /* Pods-DYTV.debug.xcconfig */,
				F931196BDADDC93840A1B031 /* Pods-DYTV.release.xcconfig */,
			);
			name = Pods;
			sourceTree = "<group>";
		};
		A857E51038E4C4DDE0BA2519 /* Frameworks */ = {
			isa = PBXGroup;
			children = (
				DFEFECFF0B69A61946540205 /* Pods_DYTV.framework */,
			);
			name = Frameworks;
			sourceTree = "<group>";
		};
/* End PBXGroup section */

/* Begin PBXNativeTarget section */
		088463F11D8BC2AD0099EABB /* DYTV */ = {
			isa = PBXNativeTarget;
			buildConfigurationList = 088464041D8BC2AD0099EABB /* Build configuration list for PBXNativeTarget "DYTV" */;
			buildPhases = (
				2DC54088D0430FEE552FC871 /* [CP] Check Pods Manifest.lock */,
				088463EE1D8BC2AD0099EABB /* Sources */,
				088463EF1D8BC2AD0099EABB /* Frameworks */,
				088463F01D8BC2AD0099EABB /* Resources */,
				C601F0EE5B2B9A5C00C7DD2B /* [CP] Embed Pods Frameworks */,
				BE2F538A7009BCCA50F207AC /* [CP] Copy Pods Resources */,
			);
			buildRules = (
			);
			dependencies = (
			);
			name = DYTV;
			productName = DYTV;
			productReference = 088463F21D8BC2AD0099EABB /* DYTV.app */;
			productType = "com.apple.product-type.application";
		};
/* End PBXNativeTarget section */

/* Begin PBXProject section */
		088463EA1D8BC2AD0099EABB /* Project object */ = {
			isa = PBXProject;
			attributes = {
				LastSwiftUpdateCheck = 0730;
				LastUpgradeCheck = 0800;
				ORGANIZATIONNAME = coderLL;
				TargetAttributes = {
					088463F11D8BC2AD0099EABB = {
						CreatedOnToolsVersion = 7.3.1;
						DevelopmentTeam = K68RHF34H8;
						LastSwiftMigration = 0800;
					};
				};
			};
			buildConfigurationList = 088463ED1D8BC2AD0099EABB /* Build configuration list for PBXProject "DYTV" */;
			compatibilityVersion = "Xcode 3.2";
			developmentRegion = English;
			hasScannedForEncodings = 0;
			knownRegions = (
				en,
				Base,
			);
			mainGroup = 088463E91D8BC2AD0099EABB;
			productRefGroup = 088463F31D8BC2AD0099EABB /* Products */;
			projectDirPath = "";
			projectRoot = "";
			targets = (
				088463F11D8BC2AD0099EABB /* DYTV */,
			);
		};
/* End PBXProject section */

/* Begin PBXResourcesBuildPhase section */
		088463F01D8BC2AD0099EABB /* Resources */ = {
			isa = PBXResourcesBuildPhase;
			buildActionMask = 2147483647;
			files = (
				0891224B1D8BE42F0048D81A /* Home.storyboard in Resources */,
				6B19B64A1DB156C4001F8F2B /* AmuseMenuViewCell.xib in Resources */,
				0879C1FA1D9D11C1000910DF /* CollectionHeaderView.xib in Resources */,
				089122471D8BE37A0048D81A /* Fellow.storyboard in Resources */,
				08E4E8D01D8BDC7C001798C4 /* Profile.storyboard in Resources */,
				08ACD7A11D9D653400E609E1 /* CollectionViewPrettyCell.xib in Resources */,
				08E4E8C91D8BD47C001798C4 /* Main.storyboard in Resources */,
				0848FC941DA0379E00641FFB /* CollectionViewGameCell.xib in Resources */,
				08ACD79D1D9D612300E609E1 /* CollectionViewNormalCell.xib in Resources */,
				6B0B09AB1DB1456F00BD14D1 /* AmuseMenuView.xib in Resources */,
				088C89A31DA00EF9005285CC /* RecommendCycleView.xib in Resources */,
				088464001D8BC2AD0099EABB /* LaunchScreen.storyboard in Resources */,
				088464081D8BC59A0099EABB /* Assets.xcassets in Resources */,
				08E4E8D21D8BDC8E001798C4 /* Live.storyboard in Resources */,
				0848FC901DA030E700641FFB /* RecommendGameView.xib in Resources */,
				08411CFA1DA0210A00F64ADF /* CollectionViewCycleCell.xib in Resources */,
			);
			runOnlyForDeploymentPostprocessing = 0;
		};
/* End PBXResourcesBuildPhase section */

/* Begin PBXShellScriptBuildPhase section */
		2DC54088D0430FEE552FC871 /* [CP] Check Pods Manifest.lock */ = {
			isa = PBXShellScriptBuildPhase;
			buildActionMask = 2147483647;
			files = (
			);
			inputPaths = (
			);
			name = "[CP] Check Pods Manifest.lock";
			outputPaths = (
			);
			runOnlyForDeploymentPostprocessing = 0;
			shellPath = /bin/sh;
			shellScript = "diff \"${PODS_ROOT}/../Podfile.lock\" \"${PODS_ROOT}/Manifest.lock\" > /dev/null\nif [[ $? != 0 ]] ; then\n    cat << EOM\nerror: The sandbox is not in sync with the Podfile.lock. Run 'pod install' or update your CocoaPods installation.\nEOM\n    exit 1\nfi\n";
			showEnvVarsInLog = 0;
		};
		BE2F538A7009BCCA50F207AC /* [CP] Copy Pods Resources */ = {
			isa = PBXShellScriptBuildPhase;
			buildActionMask = 2147483647;
			files = (
			);
			inputPaths = (
			);
			name = "[CP] Copy Pods Resources";
			outputPaths = (
			);
			runOnlyForDeploymentPostprocessing = 0;
			shellPath = /bin/sh;
			shellScript = "\"${SRCROOT}/Pods/Target Support Files/Pods-DYTV/Pods-DYTV-resources.sh\"\n";
			showEnvVarsInLog = 0;
		};
		C601F0EE5B2B9A5C00C7DD2B /* [CP] Embed Pods Frameworks */ = {
			isa = PBXShellScriptBuildPhase;
			buildActionMask = 2147483647;
			files = (
			);
			inputPaths = (
			);
			name = "[CP] Embed Pods Frameworks";
			outputPaths = (
			);
			runOnlyForDeploymentPostprocessing = 0;
			shellPath = /bin/sh;
			shellScript = "\"${SRCROOT}/Pods/Target Support Files/Pods-DYTV/Pods-DYTV-frameworks.sh\"\n";
			showEnvVarsInLog = 0;
		};
/* End PBXShellScriptBuildPhase section */

/* Begin PBXSourcesBuildPhase section */
		088463EE1D8BC2AD0099EABB /* Sources */ = {
			isa = PBXSourcesBuildPhase;
			buildActionMask = 2147483647;
			files = (
				088463F61D8BC2AD0099EABB /* AppDelegate.swift in Sources */,
				08E4E8CC1D8BD7A2001798C4 /* UIBarButtonItem+Extension.swift in Sources */,
				08BDF5411D9EE1D1009924FF /* RecommendViewModel.swift in Sources */,
				08ACD7A01D9D653400E609E1 /* CollectionViewPrettyCell.swift in Sources */,
				0848FC931DA0379E00641FFB /* CollectionViewGameCell.swift in Sources */,
				6B87B9041DB25D0F00D2A41F /* RoomShowViewController.swift in Sources */,
				6BBF99791DADED27003C5C0A /* GameModel.swift in Sources */,
				085E49AC1D9B9BD40083E4F5 /* PageContentView.swift in Sources */,
				6BBF997B1DADED37003C5C0A /* BaseGameModel.swift in Sources */,
				085E49AA1D9B91B20083E4F5 /* PageTitleView.swift in Sources */,
				08E4E8B51D8BCC85001798C4 /* MainViewController.swift in Sources */,
				085E49AE1D9C0C6F0083E4F5 /* RecommendViewController.swift in Sources */,
				08E4E8CE1D8BDA20001798C4 /* HomeViewController.swift in Sources */,
				6B87B9081DB25FFC00D2A41F /* CustomNavigationViewController.swift in Sources */,
				6B7BAD931DAF88DF00A9054C /* AmuseViewController.swift in Sources */,
				08BDF53E1D9EDBC8009924FF /* NetworkTools.swift in Sources */,
				08ACD79C1D9D612300E609E1 /* CollectionViewNormalCell.swift in Sources */,
				0848FC8E1DA030DC00641FFB /* RecommendGameView.swift in Sources */,
				6B87B8FB1DB20E5100D2A41F /* FunnyViewController.swift in Sources */,
				6BBF99771DADECA4003C5C0A /* GameViewController.swift in Sources */,
				0879C1F91D9D11C1000910DF /* CollectionHeaderView.swift in Sources */,
				088C899F1D9FBE89005285CC /* CollectionBaseCell.swift in Sources */,
				6BBF997D1DADEE44003C5C0A /* GameViewModel.swift in Sources */,
				08BDF5431D9EE405009924FF /* NSDate+Extension.swift in Sources */,
				08E4E8D81D8BDE3D001798C4 /* ProfileViewController.swift in Sources */,
				6B87B8FD1DB21B7600D2A41F /* BaseViewController.swift in Sources */,
				6B7BAD991DAF8B2E00A9054C /* AmuseViewModel.swift in Sources */,
				6B60A2C51DB120FD006517EA /* BaseViewModel.swift in Sources */,
				6B60A2C71DB13B11006517EA /* BaseAnchorViewController.swift in Sources */,
				6B19B6491DB156C4001F8F2B /* AmuseMenuViewCell.swift in Sources */,
				08411CF91DA0210A00F64ADF /* CollectionViewCycleCell.swift in Sources */,
				08E4E8DA1D8BDE5E001798C4 /* FellowViewController.swift in Sources */,
				6B0B09A91DB1456200BD14D1 /* AmuseMenuView.swift in Sources */,
				08E4E8D61D8BDDB8001798C4 /* Common.swift in Sources */,
				08BDF5471D9EE806009924FF /* AnchorModel.swift in Sources */,
				08E4E8DE1D8BE020001798C4 /* LiveViewController.swift in Sources */,
				08E4E8D41D8BDD09001798C4 /* UIColor+Extension.swift in Sources */,
				088C89A11DA00EDD005285CC /* RecommendCycleView.swift in Sources */,
				08411CF61DA01A1C00F64ADF /* CycleModel.swift in Sources */,
				6B87B9061DB25F5500D2A41F /* RoomNormalViewController.swift in Sources */,
				08BDF5451D9EE647009924FF /* AnchorGroup.swift in Sources */,
			);
			runOnlyForDeploymentPostprocessing = 0;
		};
/* End PBXSourcesBuildPhase section */

/* Begin PBXVariantGroup section */
		088463FE1D8BC2AD0099EABB /* LaunchScreen.storyboard */ = {
			isa = PBXVariantGroup;
			children = (
				088463FF1D8BC2AD0099EABB /* Base */,
			);
			name = LaunchScreen.storyboard;
			sourceTree = "<group>";
		};
/* End PBXVariantGroup section */

/* Begin XCBuildConfiguration section */
		088464021D8BC2AD0099EABB /* Debug */ = {
			isa = XCBuildConfiguration;
			buildSettings = {
				ALWAYS_SEARCH_USER_PATHS = NO;
				CLANG_ANALYZER_NONNULL = YES;
				CLANG_CXX_LANGUAGE_STANDARD = "gnu++0x";
				CLANG_CXX_LIBRARY = "libc++";
				CLANG_ENABLE_MODULES = YES;
				CLANG_ENABLE_OBJC_ARC = YES;
				CLANG_WARN_BOOL_CONVERSION = YES;
				CLANG_WARN_CONSTANT_CONVERSION = YES;
				CLANG_WARN_DIRECT_OBJC_ISA_USAGE = YES_ERROR;
				CLANG_WARN_EMPTY_BODY = YES;
				CLANG_WARN_ENUM_CONVERSION = YES;
				CLANG_WARN_INFINITE_RECURSION = YES;
				CLANG_WARN_INT_CONVERSION = YES;
				CLANG_WARN_OBJC_ROOT_CLASS = YES_ERROR;
				CLANG_WARN_SUSPICIOUS_MOVE = YES;
				CLANG_WARN_UNREACHABLE_CODE = YES;
				CLANG_WARN__DUPLICATE_METHOD_MATCH = YES;
				"CODE_SIGN_IDENTITY[sdk=iphoneos*]" = "iPhone Developer";
				COPY_PHASE_STRIP = NO;
				DEBUG_INFORMATION_FORMAT = dwarf;
				ENABLE_STRICT_OBJC_MSGSEND = YES;
				ENABLE_TESTABILITY = YES;
				GCC_C_LANGUAGE_STANDARD = gnu99;
				GCC_DYNAMIC_NO_PIC = NO;
				GCC_NO_COMMON_BLOCKS = YES;
				GCC_OPTIMIZATION_LEVEL = 0;
				GCC_PREPROCESSOR_DEFINITIONS = (
					"DEBUG=1",
					"$(inherited)",
				);
				GCC_WARN_64_TO_32_BIT_CONVERSION = YES;
				GCC_WARN_ABOUT_RETURN_TYPE = YES_ERROR;
				GCC_WARN_UNDECLARED_SELECTOR = YES;
				GCC_WARN_UNINITIALIZED_AUTOS = YES_AGGRESSIVE;
				GCC_WARN_UNUSED_FUNCTION = YES;
				GCC_WARN_UNUSED_VARIABLE = YES;
				IPHONEOS_DEPLOYMENT_TARGET = 9.3;
				MTL_ENABLE_DEBUG_INFO = YES;
				ONLY_ACTIVE_ARCH = YES;
				SDKROOT = iphoneos;
				SWIFT_OPTIMIZATION_LEVEL = "-Onone";
				TARGETED_DEVICE_FAMILY = "1,2";
			};
			name = Debug;
		};
		088464031D8BC2AD0099EABB /* Release */ = {
			isa = XCBuildConfiguration;
			buildSettings = {
				ALWAYS_SEARCH_USER_PATHS = NO;
				CLANG_ANALYZER_NONNULL = YES;
				CLANG_CXX_LANGUAGE_STANDARD = "gnu++0x";
				CLANG_CXX_LIBRARY = "libc++";
				CLANG_ENABLE_MODULES = YES;
				CLANG_ENABLE_OBJC_ARC = YES;
				CLANG_WARN_BOOL_CONVERSION = YES;
				CLANG_WARN_CONSTANT_CONVERSION = YES;
				CLANG_WARN_DIRECT_OBJC_ISA_USAGE = YES_ERROR;
				CLANG_WARN_EMPTY_BODY = YES;
				CLANG_WARN_ENUM_CONVERSION = YES;
				CLANG_WARN_INFINITE_RECURSION = YES;
				CLANG_WARN_INT_CONVERSION = YES;
				CLANG_WARN_OBJC_ROOT_CLASS = YES_ERROR;
				CLANG_WARN_SUSPICIOUS_MOVE = YES;
				CLANG_WARN_UNREACHABLE_CODE = YES;
				CLANG_WARN__DUPLICATE_METHOD_MATCH = YES;
				"CODE_SIGN_IDENTITY[sdk=iphoneos*]" = "iPhone Developer";
				COPY_PHASE_STRIP = NO;
				DEBUG_INFORMATION_FORMAT = "dwarf-with-dsym";
				ENABLE_NS_ASSERTIONS = NO;
				ENABLE_STRICT_OBJC_MSGSEND = YES;
				GCC_C_LANGUAGE_STANDARD = gnu99;
				GCC_NO_COMMON_BLOCKS = YES;
				GCC_WARN_64_TO_32_BIT_CONVERSION = YES;
				GCC_WARN_ABOUT_RETURN_TYPE = YES_ERROR;
				GCC_WARN_UNDECLARED_SELECTOR = YES;
				GCC_WARN_UNINITIALIZED_AUTOS = YES_AGGRESSIVE;
				GCC_WARN_UNUSED_FUNCTION = YES;
				GCC_WARN_UNUSED_VARIABLE = YES;
				IPHONEOS_DEPLOYMENT_TARGET = 9.3;
				MTL_ENABLE_DEBUG_INFO = NO;
				SDKROOT = iphoneos;
				SWIFT_OPTIMIZATION_LEVEL = "-Owholemodule";
				TARGETED_DEVICE_FAMILY = "1,2";
				VALIDATE_PRODUCT = YES;
			};
			name = Release;
		};
		088464051D8BC2AD0099EABB /* Debug */ = {
			isa = XCBuildConfiguration;
			baseConfigurationReference = 9AFECE75F75745B14A541860 /* Pods-DYTV.debug.xcconfig */;
			buildSettings = {
				ALWAYS_EMBED_SWIFT_STANDARD_LIBRARIES = YES;
				ASSETCATALOG_COMPILER_APPICON_NAME = AppIcon;
				ASSETCATALOG_COMPILER_LAUNCHIMAGE_NAME = "Brand Assets";
				DEVELOPMENT_TEAM = K68RHF34H8;
				INFOPLIST_FILE = DYTV/Info.plist;
				IPHONEOS_DEPLOYMENT_TARGET = 9.0;
				LD_RUNPATH_SEARCH_PATHS = "$(inherited) @executable_path/Frameworks";
				PRODUCT_BUNDLE_IDENTIFIER = com.cqut.coderLL.DYZB;
				PRODUCT_NAME = "$(TARGET_NAME)";
				SWIFT_VERSION = 3.0;
			};
			name = Debug;
		};
		088464061D8BC2AD0099EABB /* Release */ = {
			isa = XCBuildConfiguration;
			baseConfigurationReference = F931196BDADDC93840A1B031 /* Pods-DYTV.release.xcconfig */;
			buildSettings = {
				ALWAYS_EMBED_SWIFT_STANDARD_LIBRARIES = YES;
				ASSETCATALOG_COMPILER_APPICON_NAME = AppIcon;
				ASSETCATALOG_COMPILER_LAUNCHIMAGE_NAME = "Brand Assets";
				DEVELOPMENT_TEAM = K68RHF34H8;
				INFOPLIST_FILE = DYTV/Info.plist;
				IPHONEOS_DEPLOYMENT_TARGET = 9.0;
				LD_RUNPATH_SEARCH_PATHS = "$(inherited) @executable_path/Frameworks";
				PRODUCT_BUNDLE_IDENTIFIER = com.cqut.coderLL.DYZB;
				PRODUCT_NAME = "$(TARGET_NAME)";
				SWIFT_VERSION = 3.0;
			};
			name = Release;
		};
/* End XCBuildConfiguration section */

/* Begin XCConfigurationList section */
		088463ED1D8BC2AD0099EABB /* Build configuration list for PBXProject "DYTV" */ = {
			isa = XCConfigurationList;
			buildConfigurations = (
				088464021D8BC2AD0099EABB /* Debug */,
				088464031D8BC2AD0099EABB /* Release */,
			);
			defaultConfigurationIsVisible = 0;
			defaultConfigurationName = Release;
		};
		088464041D8BC2AD0099EABB /* Build configuration list for PBXNativeTarget "DYTV" */ = {
			isa = XCConfigurationList;
			buildConfigurations = (
				088464051D8BC2AD0099EABB /* Debug */,
				088464061D8BC2AD0099EABB /* Release */,
			);
			defaultConfigurationIsVisible = 0;
			defaultConfigurationName = Release;
		};
/* End XCConfigurationList section */
	};
	rootObject = 088463EA1D8BC2AD0099EABB /* Project object */;
}
